<?xml version="1.0" encoding="utf-8"?>
<Project ToolsVersion="4.0" xmlns="http://schemas.microsoft.com/developer/msbuild/2003">
  <ItemGroup>
    <Filter Include="Source Files">
      <UniqueIdentifier>{4FC737F1-C7A5-4376-A066-2A32D752A2FF}</UniqueIdentifier>
      <Extensions>cpp;c;cc;cxx;c++;cppm;ixx;def;odl;idl;hpj;bat;asm;asmx</Extensions>
    </Filter>
    <Filter Include="Header Files">
      <UniqueIdentifier>{93995380-89BD-4b04-88EB-625FBE52EBFB}</UniqueIdentifier>
      <Extensions>h;hh;hpp;hxx;h++;hm;inl;inc;ipp;xsd</Extensions>
    </Filter>
    <Filter Include="Resource Files">
      <UniqueIdentifier>{67DA6AB6-F800-4c08-8B7A-83BB121AAD01}</UniqueIdentifier>
      <Extensions>rc;ico;cur;bmp;dlg;rc2;rct;bin;rgs;gif;jpg;jpeg;jpe;resx;tiff;tif;png;wav;mfcribbon-ms</Extensions>
    </Filter>
    <Filter Include="data">
      <UniqueIdentifier>{5a0bd478-6242-4759-95bd-d8226e263eb9}</UniqueIdentifier>
    </Filter>
    <Filter Include="src">
      <UniqueIdentifier>{a8e49315-1875-4c5a-bb20-5f6c806bbccb}</UniqueIdentifier>
    </Filter>
    <Filter Include="include">
      <UniqueIdentifier>{045590d3-6e6a-4df1-b293-5d9bdec3f9ca}</UniqueIdentifier>
    </Filter>
    <Filter Include="data\usr">
      <UniqueIdentifier>{e7b123f2-e6a9-4df9-811c-84832605e232}</UniqueIdentifier>
    </Filter>
    <Filter Include="data\usr\db">
      <UniqueIdentifier>{facc258b-5821-478a-af85-3741959704f3}</UniqueIdentifier>
    </Filter>
  </ItemGroup>
  <ItemGroup>
    <ClCompile Include="main.cpp">
      <Filter>src</Filter>
    </ClCompile>
    <ClCompile Include="Disco.cpp">
      <Filter>src</Filter>
    </ClCompile>
    <ClCompile Include="Titanic.cpp">
      <Filter>src</Filter>
    </ClCompile>
    <ClCompile Include="TitanicData.cpp">
      <Filter>src</Filter>
    </ClCompile>
    <ClCompile Include="Utils.cpp">
      <Filter>src</Filter>
    </ClCompile>
    <ClCompile Include="DiscoPath.cpp">
      <Filter>Source Files</Filter>
    </ClCompile>
    <ClCompile Include="LFija.h">
      <Filter>Header Files</Filter>
    </ClCompile>
    <ClCompile Include="NonSense.cpp">
      <Filter>Source Files</Filter>
    </ClCompile>
    <ClCompile Include="LVariable.cpp">
      <Filter>src</Filter>
    </ClCompile>
    <ClCompile Include="Catalogo.cpp">
      <Filter>Source Files</Filter>
    </ClCompile>
    <ClCompile Include="QueryBlocks.cpp">
      <Filter>Source Files</Filter>
    </ClCompile>
    <ClCompile Include="QueryHashBlocks.cpp">
      <Filter>Source Files</Filter>
    </ClCompile>
    <ClCompile Include="QueryTreeIndexing.cpp">
      <Filter>Source Files</Filter>
    </ClCompile>
  </ItemGroup>
  <ItemGroup>
    <None Include="data\usr\db\titanic.tsv">
      <Filter>data\usr\db</Filter>
    </None>
  </ItemGroup>
  <ItemGroup>
    <Text Include="data\usr\db\titanic.txt">
      <Filter>data\usr\db</Filter>
    </Text>
    <Text Include="esquema.txt">
      <Filter>data\usr\db</Filter>
    </Text>
    <Text Include="HighId.txt">
      <Filter>data\usr\db</Filter>
    </Text>
    <Text Include="IdHighFemale.txt">
      <Filter>data\usr\db</Filter>
    </Text>
  </ItemGroup>
  <ItemGroup>
    <ClInclude Include="Disco.h">
      <Filter>include</Filter>
    </ClInclude>
    <ClInclude Include="Titanic.h">
      <Filter>include</Filter>
    </ClInclude>
    <ClInclude Include="TitanicData.h">
      <Filter>include</Filter>
    </ClInclude>
    <ClInclude Include="Utils.h">
      <Filter>include</Filter>
    </ClInclude>
    <ClInclude Include="DiscoPaths.h">
      <Filter>Header Files</Filter>
    </ClInclude>
    <ClInclude Include="LVariable.h">
      <Filter>Header Files</Filter>
    </ClInclude>
    <ClInclude Include="Buffer\BufferManager.h">
      <Filter>Header Files</Filter>
    </ClInclude>
    <ClInclude Include="Buffer\BufferPool.h">
      <Filter>Header Files</Filter>
    </ClInclude>
    <ClInclude Include="Buffer\LRU.h">
      <Filter>Header Files</Filter>
    </ClInclude>
    <ClInclude Include="QueryBlocks.h">
      <Filter>Header Files</Filter>
    </ClInclude>
    <ClInclude Include="QueryHashBlocks.h">
      <Filter>Header Files</Filter>
    </ClInclude>
    <ClInclude Include="QueryTreeIndexing.h">
      <Filter>Header Files</Filter>
    </ClInclude>
    <ClInclude Include="Buffer\clock.h">
      <Filter>Header Files</Filter>
    </ClInclude>
    <ClInclude Include="Buffer\replacementStrategy.h">
      <Filter>Header Files</Filter>
    </ClInclude>
  </ItemGroup>
</Project>